Microsoft Visual Studio Solution File, Format Version 12.00
# Visual Studio Version 16
VisualStudioVersion = 16.0.31729.503
MinimumVisualStudioVersion = 10.0.40219.1
Project("{9A19103F-16F7-4668-BE54-9A1E7A4F7556}") = "ManagedPower.Portal", "ManagedPower.Portal.csproj", "{42780F99-0C72-4200-BB79-5E3432231C07}"
EndProject
Global
	GlobalSection(SolutionConfigurationPlatforms) = preSolution
		Debug|Any CPU = Debug|Any CPU
		Release|Any CPU = Release|Any CPU
	EndGlobalSection
	GlobalSection(ProjectConfigurationPlatforms) = postSolution
		{42780F99-0C72-4200-BB79-5E3432231C07}.Debug|Any CPU.ActiveCfg = Debug|Any CPU
		{42780F99-0C72-4200-BB79-5E3432231C07}.Debug|Any CPU.Build.0 = Debug|Any CPU
		{42780F99-0C72-4200-BB79-5E3432231C07}.Release|Any CPU.ActiveCfg = Release|Any CPU
		{42780F99-0C72-4200-BB79-5E3432231C07}.Release|Any CPU.Build.0 = Release|Any CPU
	EndGlobalSection
	GlobalSection(SolutionProperties) = preSolution
		HideSolutionNode = FALSE
	EndGlobalSection
	GlobalSection(ExtensibilityGlobals) = postSolution
		SolutionGuid = {66FB6EA6-45BE-44F4-8624-40CD09CA7FB9}
	EndGlobalSection
EndGlobal
